
Microsoft Visual Studio Solution File, Format Version 12.00
# Visual Studio 14
VisualStudioVersion = 14.0.25123.0
MinimumVisualStudioVersion = 10.0.40219.1
Project("{FAE04EC0-301F-11D3-BF4B-00C04F79EFBC}") = "JsonFx.Tests", "src\JsonFx.Tests\JsonFx.Tests.csproj", "{0B5CB626-AC40-4CAD-BDED-51B539F19233}"
EndProject
Project("{FAE04EC0-301F-11D3-BF4B-00C04F79EFBC}") = "JsonFx", "src\JsonFx\JsonFx.csproj", "{CA0C8455-4EC6-4DA5-8491-4C5CF3EFFD37}"
EndProject
Global
	GlobalSection(SolutionConfigurationPlatforms) = preSolution
		Debug|Any CPU = Debug|Any CPU
		Release|Any CPU = Release|Any CPU
		Signed|Any CPU = Signed|Any CPU
	EndGlobalSection
	GlobalSection(ProjectConfigurationPlatforms) = postSolution
		{0B5CB626-AC40-4CAD-BDED-51B539F19233}.Debug|Any CPU.ActiveCfg = Debug|Any CPU
		{0B5CB626-AC40-4CAD-BDED-51B539F19233}.Debug|Any CPU.Build.0 = Debug|Any CPU
		{0B5CB626-AC40-4CAD-BDED-51B539F19233}.Release|Any CPU.ActiveCfg = Release|Any CPU
		{0B5CB626-AC40-4CAD-BDED-51B539F19233}.Release|Any CPU.Build.0 = Release|Any CPU
		{0B5CB626-AC40-4CAD-BDED-51B539F19233}.Signed|Any CPU.ActiveCfg = Release|Any CPU
		{0B5CB626-AC40-4CAD-BDED-51B539F19233}.Signed|Any CPU.Build.0 = Release|Any CPU
		{CA0C8455-4EC6-4DA5-8491-4C5CF3EFFD37}.Debug|Any CPU.ActiveCfg = Debug|Any CPU
		{CA0C8455-4EC6-4DA5-8491-4C5CF3EFFD37}.Debug|Any CPU.Build.0 = Debug|Any CPU
		{CA0C8455-4EC6-4DA5-8491-4C5CF3EFFD37}.Release|Any CPU.ActiveCfg = Release|Any CPU
		{CA0C8455-4EC6-4DA5-8491-4C5CF3EFFD37}.Release|Any CPU.Build.0 = Release|Any CPU
		{CA0C8455-4EC6-4DA5-8491-4C5CF3EFFD37}.Signed|Any CPU.ActiveCfg = Release|Any CPU
		{CA0C8455-4EC6-4DA5-8491-4C5CF3EFFD37}.Signed|Any CPU.Build.0 = Release|Any CPU
	EndGlobalSection
	GlobalSection(SolutionProperties) = preSolution
		HideSolutionNode = FALSE
	EndGlobalSection
EndGlobal
